
Microsoft Visual Studio Solution File, Format Version 12.00
# Visual Studio Version 16
VisualStudioVersion = 16.0.29926.136
MinimumVisualStudioVersion = 10.0.40219.1
Project("{FAE04EC0-301F-11D3-BF4B-00C04F79EFBC}") = "TeaPot", "TeaPot\TeaPot.csproj", "{324A4001-5830-4325-AEB4-7407C7CA129D}"
EndProject
Project("{FAE04EC0-301F-11D3-BF4B-00C04F79EFBC}") = "TeaPot.UnitTests", "TeaPot.UnitTests\TeaPot.UnitTests.csproj", "{24A01FFD-7DBE-4D6D-AABC-897CBBB691DF}"
EndProject
Global
	GlobalSection(SolutionConfigurationPlatforms) = preSolution
		Debug|Any CPU = Debug|Any CPU
		Release|Any CPU = Release|Any CPU
	EndGlobalSection
	GlobalSection(ProjectConfigurationPlatforms) = postSolution
		{324A4001-5830-4325-AEB4-7407C7CA129D}.Debug|Any CPU.ActiveCfg = Debug|Any CPU
		{324A4001-5830-4325-AEB4-7407C7CA129D}.Debug|Any CPU.Build.0 = Debug|Any CPU
		{324A4001-5830-4325-AEB4-7407C7CA129D}.Release|Any CPU.ActiveCfg = Release|Any CPU
		{324A4001-5830-4325-AEB4-7407C7CA129D}.Release|Any CPU.Build.0 = Release|Any CPU
		{24A01FFD-7DBE-4D6D-AABC-897CBBB691DF}.Debug|Any CPU.ActiveCfg = Debug|Any CPU
		{24A01FFD-7DBE-4D6D-AABC-897CBBB691DF}.Debug|Any CPU.Build.0 = Debug|Any CPU
		{24A01FFD-7DBE-4D6D-AABC-897CBBB691DF}.Release|Any CPU.ActiveCfg = Release|Any CPU
		{24A01FFD-7DBE-4D6D-AABC-897CBBB691DF}.Release|Any CPU.Build.0 = Release|Any CPU
	EndGlobalSection
	GlobalSection(SolutionProperties) = preSolution
		HideSolutionNode = FALSE
	EndGlobalSection
	GlobalSection(ExtensibilityGlobals) = postSolution
		SolutionGuid = {8CCA41E6-13AA-4BB6-9B4D-1A73AB485097}
	EndGlobalSection
EndGlobal
